
Microsoft Visual Studio Solution File, Format Version 12.00
# Visual Studio Version 17
VisualStudioVersion = 17.3.32811.315
MinimumVisualStudioVersion = 10.0.40219.1
Project("{9A19103F-16F7-4668-BE54-9A1E7A4F7556}") = "ExploreCalifornia", "ExploreCalifornia\ExploreCalifornia.csproj", "{D980A6EB-FF57-4C0F-BF3E-749E5126707C}"
EndProject
Project("{FAE04EC0-301F-11D3-BF4B-00C04F79EFBC}") = "ExploreCalifornia.RazorPages", "ExploreCalifornia.RazorPages\ExploreCalifornia.RazorPages.csproj", "{0ECCEF00-7F64-4F39-8EF7-B020E3D7D628}"
EndProject
Global
	GlobalSection(SolutionConfigurationPlatforms) = preSolution
		Debug|Any CPU = Debug|Any CPU
		Release|Any CPU = Release|Any CPU
	EndGlobalSection
	GlobalSection(ProjectConfigurationPlatforms) = postSolution
		{D980A6EB-FF57-4C0F-BF3E-749E5126707C}.Debug|Any CPU.ActiveCfg = Debug|Any CPU
		{D980A6EB-FF57-4C0F-BF3E-749E5126707C}.Debug|Any CPU.Build.0 = Debug|Any CPU
		{D980A6EB-FF57-4C0F-BF3E-749E5126707C}.Release|Any CPU.ActiveCfg = Release|Any CPU
		{D980A6EB-FF57-4C0F-BF3E-749E5126707C}.Release|Any CPU.Build.0 = Release|Any CPU
		{0ECCEF00-7F64-4F39-8EF7-B020E3D7D628}.Debug|Any CPU.ActiveCfg = Debug|Any CPU
		{0ECCEF00-7F64-4F39-8EF7-B020E3D7D628}.Debug|Any CPU.Build.0 = Debug|Any CPU
		{0ECCEF00-7F64-4F39-8EF7-B020E3D7D628}.Release|Any CPU.ActiveCfg = Release|Any CPU
		{0ECCEF00-7F64-4F39-8EF7-B020E3D7D628}.Release|Any CPU.Build.0 = Release|Any CPU
	EndGlobalSection
	GlobalSection(SolutionProperties) = preSolution
		HideSolutionNode = FALSE
	EndGlobalSection
	GlobalSection(ExtensibilityGlobals) = postSolution
		SolutionGuid = {2390E482-37C7-49FB-9C16-45703453783A}
	EndGlobalSection
EndGlobal
